{
  "name": "54-grupe-js-intro",
  "version": "1.0.0",
  "lockfileVersion": 3,
  "requires": true,
  "packages": {
    "": {
      "name": "54-grupe-js-intro",
      "version": "1.0.0",
      "license": "ISC",
      "dependencies": {
        "54-grupe-js-intro": "file:"
      }
    },
    "node_modules/54-grupe-js-intro": {
      "resolved": "",
      "link": true
    }
  }
}
